
Microsoft Visual Studio Solution File, Format Version 12.00
# Visual Studio Version 17
VisualStudioVersion = 17.9.34723.18
MinimumVisualStudioVersion = 10.0.40219.1
Project("{FAE04EC0-301F-11D3-BF4B-00C04F79EFBC}") = "Asp-Labb4", "Asp-Labb4.csproj", "{C7DBDE16-677F-4EE5-92EC-211A9999F0C6}"
EndProject
Global
	GlobalSection(SolutionConfigurationPlatforms) = preSolution
		Debug|Any CPU = Debug|Any CPU
		Release|Any CPU = Release|Any CPU
	EndGlobalSection
	GlobalSection(ProjectConfigurationPlatforms) = postSolution
		{C7DBDE16-677F-4EE5-92EC-211A9999F0C6}.Debug|Any CPU.ActiveCfg = Debug|Any CPU
		{C7DBDE16-677F-4EE5-92EC-211A9999F0C6}.Debug|Any CPU.Build.0 = Debug|Any CPU
		{C7DBDE16-677F-4EE5-92EC-211A9999F0C6}.Release|Any CPU.ActiveCfg = Release|Any CPU
		{C7DBDE16-677F-4EE5-92EC-211A9999F0C6}.Release|Any CPU.Build.0 = Release|Any CPU
	EndGlobalSection
	GlobalSection(SolutionProperties) = preSolution
		HideSolutionNode = FALSE
	EndGlobalSection
	GlobalSection(ExtensibilityGlobals) = postSolution
		SolutionGuid = {CE36D955-6B9B-45AC-9460-A7AC1951C828}
	EndGlobalSection
EndGlobal
